
Microsoft Visual Studio Solution File, Format Version 12.00
# Visual Studio Version 17
VisualStudioVersion = 17.10.35027.167
MinimumVisualStudioVersion = 10.0.40219.1
Project("{9A19103F-16F7-4668-BE54-9A1E7A4F7556}") = "oop", "oop\oop.csproj", "{CD8CB841-43E5-423C-853D-C16529C9ADE7}"
EndProject
Project("{9A19103F-16F7-4668-BE54-9A1E7A4F7556}") = "CQRSDesignPattern", "CQRSDesignPattern\CQRSDesignPattern.csproj", "{D19448D5-AD2D-4E28-80A4-4D31DC2B0E69}"
EndProject
Project("{9A19103F-16F7-4668-BE54-9A1E7A4F7556}") = "FluentValidationDemo", "FluentValidationDemo\FluentValidationDemo.csproj", "{781CA3C0-AE9D-4495-B554-663003987099}"
EndProject
Project("{FAE04EC0-301F-11D3-BF4B-00C04F79EFBC}") = "CSharpNewThings", "CSharpNewThings\CSharpNewThings.csproj", "{11170201-3167-4A90-8099-21FE8E0539EB}"
EndProject
Project("{FAE04EC0-301F-11D3-BF4B-00C04F79EFBC}") = "ConcurrencyManage", "ConcurrencyManage\ConcurrencyManage.csproj", "{4E8F31FC-5474-49AA-BE87-B22C681181C7}"
EndProject
Project("{FAE04EC0-301F-11D3-BF4B-00C04F79EFBC}") = "CancellationToken", "CancellationToken\CancellationToken.csproj", "{24A69E71-F2DE-40EF-A477-99F20C45BCBB}"
EndProject
Global
	GlobalSection(SolutionConfigurationPlatforms) = preSolution
		Debug|Any CPU = Debug|Any CPU
		Release|Any CPU = Release|Any CPU
	EndGlobalSection
	GlobalSection(ProjectConfigurationPlatforms) = postSolution
		{CD8CB841-43E5-423C-853D-C16529C9ADE7}.Debug|Any CPU.ActiveCfg = Debug|Any CPU
		{CD8CB841-43E5-423C-853D-C16529C9ADE7}.Debug|Any CPU.Build.0 = Debug|Any CPU
		{CD8CB841-43E5-423C-853D-C16529C9ADE7}.Release|Any CPU.ActiveCfg = Release|Any CPU
		{CD8CB841-43E5-423C-853D-C16529C9ADE7}.Release|Any CPU.Build.0 = Release|Any CPU
		{D19448D5-AD2D-4E28-80A4-4D31DC2B0E69}.Debug|Any CPU.ActiveCfg = Debug|Any CPU
		{D19448D5-AD2D-4E28-80A4-4D31DC2B0E69}.Debug|Any CPU.Build.0 = Debug|Any CPU
		{D19448D5-AD2D-4E28-80A4-4D31DC2B0E69}.Release|Any CPU.ActiveCfg = Release|Any CPU
		{D19448D5-AD2D-4E28-80A4-4D31DC2B0E69}.Release|Any CPU.Build.0 = Release|Any CPU
		{781CA3C0-AE9D-4495-B554-663003987099}.Debug|Any CPU.ActiveCfg = Debug|Any CPU
		{781CA3C0-AE9D-4495-B554-663003987099}.Debug|Any CPU.Build.0 = Debug|Any CPU
		{781CA3C0-AE9D-4495-B554-663003987099}.Release|Any CPU.ActiveCfg = Release|Any CPU
		{781CA3C0-AE9D-4495-B554-663003987099}.Release|Any CPU.Build.0 = Release|Any CPU
		{11170201-3167-4A90-8099-21FE8E0539EB}.Debug|Any CPU.ActiveCfg = Debug|Any CPU
		{11170201-3167-4A90-8099-21FE8E0539EB}.Debug|Any CPU.Build.0 = Debug|Any CPU
		{11170201-3167-4A90-8099-21FE8E0539EB}.Release|Any CPU.ActiveCfg = Release|Any CPU
		{11170201-3167-4A90-8099-21FE8E0539EB}.Release|Any CPU.Build.0 = Release|Any CPU
		{4E8F31FC-5474-49AA-BE87-B22C681181C7}.Debug|Any CPU.ActiveCfg = Debug|Any CPU
		{4E8F31FC-5474-49AA-BE87-B22C681181C7}.Debug|Any CPU.Build.0 = Debug|Any CPU
		{4E8F31FC-5474-49AA-BE87-B22C681181C7}.Release|Any CPU.ActiveCfg = Release|Any CPU
		{4E8F31FC-5474-49AA-BE87-B22C681181C7}.Release|Any CPU.Build.0 = Release|Any CPU
		{24A69E71-F2DE-40EF-A477-99F20C45BCBB}.Debug|Any CPU.ActiveCfg = Debug|Any CPU
		{24A69E71-F2DE-40EF-A477-99F20C45BCBB}.Debug|Any CPU.Build.0 = Debug|Any CPU
		{24A69E71-F2DE-40EF-A477-99F20C45BCBB}.Release|Any CPU.ActiveCfg = Release|Any CPU
		{24A69E71-F2DE-40EF-A477-99F20C45BCBB}.Release|Any CPU.Build.0 = Release|Any CPU
	EndGlobalSection
	GlobalSection(SolutionProperties) = preSolution
		HideSolutionNode = FALSE
	EndGlobalSection
	GlobalSection(ExtensibilityGlobals) = postSolution
		SolutionGuid = {06B0D5A7-C8A1-44CE-9E32-4C5B8D2A1CF3}
	EndGlobalSection
EndGlobal
